// !$*UTF8*$!
{
	archiveVersion = 1;
	classes = {
	};
	objectVersion = 50;
	objects = {

/* Begin PBXBuildFile section */
		670323C226BDEF9C00B13A8B /* AppDelegate.swift in Sources */ = {isa = PBXBuildFile; fileRef = 670323C126BDEF9C00B13A8B /* AppDelegate.swift */; };
		670323C426BDEF9C00B13A8B /* SceneDelegate.swift in Sources */ = {isa = PBXBuildFile; fileRef = 670323C326BDEF9C00B13A8B /* SceneDelegate.swift */; };
		670323C626BDEF9C00B13A8B /* ViewController.swift in Sources */ = {isa = PBXBuildFile; fileRef = 670323C526BDEF9C00B13A8B /* ViewController.swift */; };
		670323C926BDEF9C00B13A8B /* Main.storyboard in Resources */ = {isa = PBXBuildFile; fileRef = 670323C726BDEF9C00B13A8B /* Main.storyboard */; };
		670323CB26BDEF9D00B13A8B /* Assets.xcassets in Resources */ = {isa = PBXBuildFile; fileRef = 670323CA26BDEF9D00B13A8B /* Assets.xcassets */; };
		670323CE26BDEF9D00B13A8B /* LaunchScreen.storyboard in Resources */ = {isa = PBXBuildFile; fileRef = 670323CC26BDEF9D00B13A8B /* LaunchScreen.storyboard */; };
		670323D926BDEF9D00B13A8B /* linkedListTests.swift in Sources */ = {isa = PBXBuildFile; fileRef = 670323D826BDEF9D00B13A8B /* linkedListTests.swift */; };
		670323E426BDEF9D00B13A8B /* linkedListUITests.swift in Sources */ = {isa = PBXBuildFile; fileRef = 670323E326BDEF9D00B13A8B /* linkedListUITests.swift */; };
/* End PBXBuildFile section */

/* Begin PBXContainerItemProxy section */
		670323D526BDEF9D00B13A8B /* PBXContainerItemProxy */ = {
			isa = PBXContainerItemProxy;
			containerPortal = 670323B626BDEF9C00B13A8B /* Project object */;
			proxyType = 1;
			remoteGlobalIDString = 670323BD26BDEF9C00B13A8B;
			remoteInfo = linkedList;
		};
		670323E026BDEF9D00B13A8B /* PBXContainerItemProxy */ = {
			isa = PBXContainerItemProxy;
			containerPortal = 670323B626BDEF9C00B13A8B /* Project object */;
			proxyType = 1;
			remoteGlobalIDString = 670323BD26BDEF9C00B13A8B;
			remoteInfo = linkedList;
		};
/* End PBXContainerItemProxy section */

/* Begin PBXFileReference section */
		670323BE26BDEF9C00B13A8B /* linkedList.app */ = {isa = PBXFileReference; explicitFileType = wrapper.application; includeInIndex = 0; path = linkedList.app; sourceTree = BUILT_PRODUCTS_DIR; };
		670323C126BDEF9C00B13A8B /* AppDelegate.swift */ = {isa = PBXFileReference; lastKnownFileType = sourcecode.swift; path = AppDelegate.swift; sourceTree = "<group>"; };
		670323C326BDEF9C00B13A8B /* SceneDelegate.swift */ = {isa = PBXFileReference; lastKnownFileType = sourcecode.swift; path = SceneDelegate.swift; sourceTree = "<group>"; };
		670323C526BDEF9C00B13A8B /* ViewController.swift */ = {isa = PBXFileReference; lastKnownFileType = sourcecode.swift; path = ViewController.swift; sourceTree = "<group>"; };
		670323C826BDEF9C00B13A8B /* Base */ = {isa = PBXFileReference; lastKnownFileType = file.storyboard; name = Base; path = Base.lproj/Main.storyboard; sourceTree = "<group>"; };
		670323CA26BDEF9D00B13A8B /* Assets.xcassets */ = {isa = PBXFileReference; lastKnownFileType = folder.assetcatalog; path = Assets.xcassets; sourceTree = "<group>"; };
		670323CD26BDEF9D00B13A8B /* Base */ = {isa = PBXFileReference; lastKnownFileType = file.storyboard; name = Base; path = Base.lproj/LaunchScreen.storyboard; sourceTree = "<group>"; };
		670323CF26BDEF9D00B13A8B /* Info.plist */ = {isa = PBXFileReference; lastKnownFileType = text.plist.xml; path = Info.plist; sourceTree = "<group>"; };
		670323D426BDEF9D00B13A8B /* linkedListTests.xctest */ = {isa = PBXFileReference; explicitFileType = wrapper.cfbundle; includeInIndex = 0; path = linkedListTests.xctest; sourceTree = BUILT_PRODUCTS_DIR; };
		670323D826BDEF9D00B13A8B /* linkedListTests.swift */ = {isa = PBXFileReference; lastKnownFileType = sourcecode.swift; path = linkedListTests.swift; sourceTree = "<group>"; };
		670323DA26BDEF9D00B13A8B /* Info.plist */ = {isa = PBXFileReference; lastKnownFileType = text.plist.xml; path = Info.plist; sourceTree = "<group>"; };
		670323DF26BDEF9D00B13A8B /* linkedListUITests.xctest */ = {isa = PBXFileReference; explicitFileType = wrapper.cfbundle; includeInIndex = 0; path = linkedListUITests.xctest; sourceTree = BUILT_PRODUCTS_DIR; };
		670323E326BDEF9D00B13A8B /* linkedListUITests.swift */ = {isa = PBXFileReference; lastKnownFileType = sourcecode.swift; path = linkedListUITests.swift; sourceTree = "<group>"; };
		670323E526BDEF9D00B13A8B /* Info.plist */ = {isa = PBXFileReference; lastKnownFileType = text.plist.xml; path = Info.plist; sourceTree = "<group>"; };
/* End PBXFileReference section */

/* Begin PBXFrameworksBuildPhase section */
		670323BB26BDEF9C00B13A8B /* Frameworks */ = {
			isa = PBXFrameworksBuildPhase;
			buildActionMask = 2147483647;
			files = (
			);
			runOnlyForDeploymentPostprocessing = 0;
		};
		670323D126BDEF9D00B13A8B /* Frameworks */ = {
			isa = PBXFrameworksBuildPhase;
			buildActionMask = 2147483647;
			files = (
			);
			runOnlyForDeploymentPostprocessing = 0;
		};
		670323DC26BDEF9D00B13A8B /* Frameworks */ = {
			isa = PBXFrameworksBuildPhase;
			buildActionMask = 2147483647;
			files = (
			);
			runOnlyForDeploymentPostprocessing = 0;
		};
/* End PBXFrameworksBuildPhase section */

/* Begin PBXGroup section */
		670323B526BDEF9C00B13A8B = {
			isa = PBXGroup;
			children = (
				670323C026BDEF9C00B13A8B /* linkedList */,
				670323D726BDEF9D00B13A8B /* linkedListTests */,
				670323E226BDEF9D00B13A8B /* linkedListUITests */,
				670323BF26BDEF9C00B13A8B /* Products */,
			);
			sourceTree = "<group>";
		};
		670323BF26BDEF9C00B13A8B /* Products */ = {
			isa = PBXGroup;
			children = (
				670323BE26BDEF9C00B13A8B /* linkedList.app */,
				670323D426BDEF9D00B13A8B /* linkedListTests.xctest */,
				670323DF26BDEF9D00B13A8B /* linkedListUITests.xctest */,
			);
			name = Products;
			sourceTree = "<group>";
		};
		670323C026BDEF9C00B13A8B /* linkedList */ = {
			isa = PBXGroup;
			children = (
				670323C126BDEF9C00B13A8B /* AppDelegate.swift */,
				670323C326BDEF9C00B13A8B /* SceneDelegate.swift */,
				670323C526BDEF9C00B13A8B /* ViewController.swift */,
				670323C726BDEF9C00B13A8B /* Main.storyboard */,
				670323CA26BDEF9D00B13A8B /* Assets.xcassets */,
				670323CC26BDEF9D00B13A8B /* LaunchScreen.storyboard */,
				670323CF26BDEF9D00B13A8B /* Info.plist */,
			);
			path = linkedList;
			sourceTree = "<group>";
		};
		670323D726BDEF9D00B13A8B /* linkedListTests */ = {
			isa = PBXGroup;
			children = (
				670323D826BDEF9D00B13A8B /* linkedListTests.swift */,
				670323DA26BDEF9D00B13A8B /* Info.plist */,
			);
			path = linkedListTests;
			sourceTree = "<group>";
		};
		670323E226BDEF9D00B13A8B /* linkedListUITests */ = {
			isa = PBXGroup;
			children = (
				670323E326BDEF9D00B13A8B /* linkedListUITests.swift */,
				670323E526BDEF9D00B13A8B /* Info.plist */,
			);
			path = linkedListUITests;
			sourceTree = "<group>";
		};
/* End PBXGroup section */

/* Begin PBXNativeTarget section */
		670323BD26BDEF9C00B13A8B /* linkedList */ = {
			isa = PBXNativeTarget;
			buildConfigurationList = 670323E826BDEF9D00B13A8B /* Build configuration list for PBXNativeTarget "linkedList" */;
			buildPhases = (
				670323BA26BDEF9C00B13A8B /* Sources */,
				670323BB26BDEF9C00B13A8B /* Frameworks */,
				670323BC26BDEF9C00B13A8B /* Resources */,
			);
			buildRules = (
			);
			dependencies = (
			);
			name = linkedList;
			productName = linkedList;
			productReference = 670323BE26BDEF9C00B13A8B /* linkedList.app */;
			productType = "com.apple.product-type.application";
		};
		670323D326BDEF9D00B13A8B /* linkedListTests */ = {
			isa = PBXNativeTarget;
			buildConfigurationList = 670323EB26BDEF9D00B13A8B /* Build configuration list for PBXNativeTarget "linkedListTests" */;
			buildPhases = (
				670323D026BDEF9D00B13A8B /* Sources */,
				670323D126BDEF9D00B13A8B /* Frameworks */,
				670323D226BDEF9D00B13A8B /* Resources */,
			);
			buildRules = (
			);
			dependencies = (
				670323D626BDEF9D00B13A8B /* PBXTargetDependency */,
			);
			name = linkedListTests;
			productName = linkedListTests;
			productReference = 670323D426BDEF9D00B13A8B /* linkedListTests.xctest */;
			productType = "com.apple.product-type.bundle.unit-test";
		};
		670323DE26BDEF9D00B13A8B /* linkedListUITests */ = {
			isa = PBXNativeTarget;
			buildConfigurationList = 670323EE26BDEF9D00B13A8B /* Build configuration list for PBXNativeTarget "linkedListUITests" */;
			buildPhases = (
				670323DB26BDEF9D00B13A8B /* Sources */,
				670323DC26BDEF9D00B13A8B /* Frameworks */,
				670323DD26BDEF9D00B13A8B /* Resources */,
			);
			buildRules = (
			);
			dependencies = (
				670323E126BDEF9D00B13A8B /* PBXTargetDependency */,
			);
			name = linkedListUITests;
			productName = linkedListUITests;
			productReference = 670323DF26BDEF9D00B13A8B /* linkedListUITests.xctest */;
			productType = "com.apple.product-type.bundle.ui-testing";
		};
/* End PBXNativeTarget section */

/* Begin PBXProject section */
		670323B626BDEF9C00B13A8B /* Project object */ = {
			isa = PBXProject;
			attributes = {
				LastSwiftUpdateCheck = 1250;
				LastUpgradeCheck = 1250;
				TargetAttributes = {
					670323BD26BDEF9C00B13A8B = {
						CreatedOnToolsVersion = 12.5.1;
					};
					670323D326BDEF9D00B13A8B = {
						CreatedOnToolsVersion = 12.5.1;
						TestTargetID = 670323BD26BDEF9C00B13A8B;
					};
					670323DE26BDEF9D00B13A8B = {
						CreatedOnToolsVersion = 12.5.1;
						TestTargetID = 670323BD26BDEF9C00B13A8B;
					};
				};
			};
			buildConfigurationList = 670323B926BDEF9C00B13A8B /* Build configuration list for PBXProject "linkedList" */;
			compatibilityVersion = "Xcode 9.3";
			developmentRegion = en;
			hasScannedForEncodings = 0;
			knownRegions = (
				en,
				Base,
			);
			mainGroup = 670323B526BDEF9C00B13A8B;
			productRefGroup = 670323BF26BDEF9C00B13A8B /* Products */;
			projectDirPath = "";
			projectRoot = "";
			targets = (
				670323BD26BDEF9C00B13A8B /* linkedList */,
				670323D326BDEF9D00B13A8B /* linkedListTests */,
				670323DE26BDEF9D00B13A8B /* linkedListUITests */,
			);
		};
/* End PBXProject section */

/* Begin PBXResourcesBuildPhase section */
		670323BC26BDEF9C00B13A8B /* Resources */ = {
			isa = PBXResourcesBuildPhase;
			buildActionMask = 2147483647;
			files = (
				670323CE26BDEF9D00B13A8B /* LaunchScreen.storyboard in Resources */,
				670323CB26BDEF9D00B13A8B /* Assets.xcassets in Resources */,
				670323C926BDEF9C00B13A8B /* Main.storyboard in Resources */,
			);
			runOnlyForDeploymentPostprocessing = 0;
		};
		670323D226BDEF9D00B13A8B /* Resources */ = {
			isa = PBXResourcesBuildPhase;
			buildActionMask = 2147483647;
			files = (
			);
			runOnlyForDeploymentPostprocessing = 0;
		};
		670323DD26BDEF9D00B13A8B /* Resources */ = {
			isa = PBXResourcesBuildPhase;
			buildActionMask = 2147483647;
			files = (
			);
			runOnlyForDeploymentPostprocessing = 0;
		};
/* End PBXResourcesBuildPhase section */

/* Begin PBXSourcesBuildPhase section */
		670323BA26BDEF9C00B13A8B /* Sources */ = {
			isa = PBXSourcesBuildPhase;
			buildActionMask = 2147483647;
			files = (
				670323C626BDEF9C00B13A8B /* ViewController.swift in Sources */,
				670323C226BDEF9C00B13A8B /* AppDelegate.swift in Sources */,
				670323C426BDEF9C00B13A8B /* SceneDelegate.swift in Sources */,
			);
			runOnlyForDeploymentPostprocessing = 0;
		};
		670323D026BDEF9D00B13A8B /* Sources */ = {
			isa = PBXSourcesBuildPhase;
			buildActionMask = 2147483647;
			files = (
				670323D926BDEF9D00B13A8B /* linkedListTests.swift in Sources */,
			);
			runOnlyForDeploymentPostprocessing = 0;
		};
		670323DB26BDEF9D00B13A8B /* Sources */ = {
			isa = PBXSourcesBuildPhase;
			buildActionMask = 2147483647;
			files = (
				670323E426BDEF9D00B13A8B /* linkedListUITests.swift in Sources */,
			);
			runOnlyForDeploymentPostprocessing = 0;
		};
/* End PBXSourcesBuildPhase section */

/* Begin PBXTargetDependency section */
		670323D626BDEF9D00B13A8B /* PBXTargetDependency */ = {
			isa = PBXTargetDependency;
			target = 670323BD26BDEF9C00B13A8B /* linkedList */;
			targetProxy = 670323D526BDEF9D00B13A8B /* PBXContainerItemProxy */;
		};
		670323E126BDEF9D00B13A8B /* PBXTargetDependency */ = {
			isa = PBXTargetDependency;
			target = 670323BD26BDEF9C00B13A8B /* linkedList */;
			targetProxy = 670323E026BDEF9D00B13A8B /* PBXContainerItemProxy */;
		};
/* End PBXTargetDependency section */

/* Begin PBXVariantGroup section */
		670323C726BDEF9C00B13A8B /* Main.storyboard */ = {
			isa = PBXVariantGroup;
			children = (
				670323C826BDEF9C00B13A8B /* Base */,
			);
			name = Main.storyboard;
			sourceTree = "<group>";
		};
		670323CC26BDEF9D00B13A8B /* LaunchScreen.storyboard */ = {
			isa = PBXVariantGroup;
			children = (
				670323CD26BDEF9D00B13A8B /* Base */,
			);
			name = LaunchScreen.storyboard;
			sourceTree = "<group>";
		};
/* End PBXVariantGroup section */

/* Begin XCBuildConfiguration section */
		670323E626BDEF9D00B13A8B /* Debug */ = {
			isa = XCBuildConfiguration;
			buildSettings = {
				ALWAYS_SEARCH_USER_PATHS = NO;
				CLANG_ANALYZER_NONNULL = YES;
				CLANG_ANALYZER_NUMBER_OBJECT_CONVERSION = YES_AGGRESSIVE;
				CLANG_CXX_LANGUAGE_STANDARD = "gnu++14";
				CLANG_CXX_LIBRARY = "libc++";
				CLANG_ENABLE_MODULES = YES;
				CLANG_ENABLE_OBJC_ARC = YES;
				CLANG_ENABLE_OBJC_WEAK = YES;
				CLANG_WARN_BLOCK_CAPTURE_AUTORELEASING = YES;
				CLANG_WARN_BOOL_CONVERSION = YES;
				CLANG_WARN_COMMA = YES;
				CLANG_WARN_CONSTANT_CONVERSION = YES;
				CLANG_WARN_DEPRECATED_OBJC_IMPLEMENTATIONS = YES;
				CLANG_WARN_DIRECT_OBJC_ISA_USAGE = YES_ERROR;
				CLANG_WARN_DOCUMENTATION_COMMENTS = YES;
				CLANG_WARN_EMPTY_BODY = YES;
				CLANG_WARN_ENUM_CONVERSION = YES;
				CLANG_WARN_INFINITE_RECURSION = YES;
				CLANG_WARN_INT_CONVERSION = YES;
				CLANG_WARN_NON_LITERAL_NULL_CONVERSION = YES;
				CLANG_WARN_OBJC_IMPLICIT_RETAIN_SELF = YES;
				CLANG_WARN_OBJC_LITERAL_CONVERSION = YES;
				CLANG_WARN_OBJC_ROOT_CLASS = YES_ERROR;
				CLANG_WARN_QUOTED_INCLUDE_IN_FRAMEWORK_HEADER = YES;
				CLANG_WARN_RANGE_LOOP_ANALYSIS = YES;
				CLANG_WARN_STRICT_PROTOTYPES = YES;
				CLANG_WARN_SUSPICIOUS_MOVE = YES;
				CLANG_WARN_UNGUARDED_AVAILABILITY = YES_AGGRESSIVE;
				CLANG_WARN_UNREACHABLE_CODE = YES;
				CLANG_WARN__DUPLICATE_METHOD_MATCH = YES;
				COPY_PHASE_STRIP = NO;
				DEBUG_INFORMATION_FORMAT = dwarf;
				ENABLE_STRICT_OBJC_MSGSEND = YES;
				ENABLE_TESTABILITY = YES;
				GCC_C_LANGUAGE_STANDARD = gnu11;
				GCC_DYNAMIC_NO_PIC = NO;
				GCC_NO_COMMON_BLOCKS = YES;
				GCC_OPTIMIZATION_LEVEL = 0;
				GCC_PREPROCESSOR_DEFINITIONS = (
					"DEBUG=1",
					"$(inherited)",
				);
				GCC_WARN_64_TO_32_BIT_CONVERSION = YES;
				GCC_WARN_ABOUT_RETURN_TYPE = YES_ERROR;
				GCC_WARN_UNDECLARED_SELECTOR = YES;
				GCC_WARN_UNINITIALIZED_AUTOS = YES_AGGRESSIVE;
				GCC_WARN_UNUSED_FUNCTION = YES;
				GCC_WARN_UNUSED_VARIABLE = YES;
				IPHONEOS_DEPLOYMENT_TARGET = 14.5;
				MTL_ENABLE_DEBUG_INFO = INCLUDE_SOURCE;
				MTL_FAST_MATH = YES;
				ONLY_ACTIVE_ARCH = YES;
				SDKROOT = iphoneos;
				SWIFT_ACTIVE_COMPILATION_CONDITIONS = DEBUG;
				SWIFT_OPTIMIZATION_LEVEL = "-Onone";
			};
			name = Debug;
		};
		670323E726BDEF9D00B13A8B /* Release */ = {
			isa = XCBuildConfiguration;
			buildSettings = {
				ALWAYS_SEARCH_USER_PATHS = NO;
				CLANG_ANALYZER_NONNULL = YES;
				CLANG_ANALYZER_NUMBER_OBJECT_CONVERSION = YES_AGGRESSIVE;
				CLANG_CXX_LANGUAGE_STANDARD = "gnu++14";
				CLANG_CXX_LIBRARY = "libc++";
				CLANG_ENABLE_MODULES = YES;
				CLANG_ENABLE_OBJC_ARC = YES;
				CLANG_ENABLE_OBJC_WEAK = YES;
				CLANG_WARN_BLOCK_CAPTURE_AUTORELEASING = YES;
				CLANG_WARN_BOOL_CONVERSION = YES;
				CLANG_WARN_COMMA = YES;
				CLANG_WARN_CONSTANT_CONVERSION = YES;
				CLANG_WARN_DEPRECATED_OBJC_IMPLEMENTATIONS = YES;
				CLANG_WARN_DIRECT_OBJC_ISA_USAGE = YES_ERROR;
				CLANG_WARN_DOCUMENTATION_COMMENTS = YES;
				CLANG_WARN_EMPTY_BODY = YES;
				CLANG_WARN_ENUM_CONVERSION = YES;
				CLANG_WARN_INFINITE_RECURSION = YES;
				CLANG_WARN_INT_CONVERSION = YES;
				CLANG_WARN_NON_LITERAL_NULL_CONVERSION = YES;
				CLANG_WARN_OBJC_IMPLICIT_RETAIN_SELF = YES;
				CLANG_WARN_OBJC_LITERAL_CONVERSION = YES;
				CLANG_WARN_OBJC_ROOT_CLASS = YES_ERROR;
				CLANG_WARN_QUOTED_INCLUDE_IN_FRAMEWORK_HEADER = YES;
				CLANG_WARN_RANGE_LOOP_ANALYSIS = YES;
				CLANG_WARN_STRICT_PROTOTYPES = YES;
				CLANG_WARN_SUSPICIOUS_MOVE = YES;
				CLANG_WARN_UNGUARDED_AVAILABILITY = YES_AGGRESSIVE;
				CLANG_WARN_UNREACHABLE_CODE = YES;
				CLANG_WARN__DUPLICATE_METHOD_MATCH = YES;
				COPY_PHASE_STRIP = NO;
				DEBUG_INFORMATION_FORMAT = "dwarf-with-dsym";
				ENABLE_NS_ASSERTIONS = NO;
				ENABLE_STRICT_OBJC_MSGSEND = YES;
				GCC_C_LANGUAGE_STANDARD = gnu11;
				GCC_NO_COMMON_BLOCKS = YES;
				GCC_WARN_64_TO_32_BIT_CONVERSION = YES;
				GCC_WARN_ABOUT_RETURN_TYPE = YES_ERROR;
				GCC_WARN_UNDECLARED_SELECTOR = YES;
				GCC_WARN_UNINITIALIZED_AUTOS = YES_AGGRESSIVE;
				GCC_WARN_UNUSED_FUNCTION = YES;
				GCC_WARN_UNUSED_VARIABLE = YES;
				IPHONEOS_DEPLOYMENT_TARGET = 14.5;
				MTL_ENABLE_DEBUG_INFO = NO;
				MTL_FAST_MATH = YES;
				SDKROOT = iphoneos;
				SWIFT_COMPILATION_MODE = wholemodule;
				SWIFT_OPTIMIZATION_LEVEL = "-O";
				VALIDATE_PRODUCT = YES;
			};
			name = Release;
		};
		670323E926BDEF9D00B13A8B /* Debug */ = {
			isa = XCBuildConfiguration;
			buildSettings = {
				ASSETCATALOG_COMPILER_APPICON_NAME = AppIcon;
				ASSETCATALOG_COMPILER_GLOBAL_ACCENT_COLOR_NAME = AccentColor;
				CODE_SIGN_STYLE = Automatic;
				DEVELOPMENT_TEAM = F7NGX2MLD5;
				INFOPLIST_FILE = linkedList/Info.plist;
				LD_RUNPATH_SEARCH_PATHS = (
					"$(inherited)",
					"@executable_path/Frameworks",
				);
				PRODUCT_BUNDLE_IDENTIFIER = travrmoo.linkedList;
				PRODUCT_NAME = "$(TARGET_NAME)";
				SWIFT_VERSION = 5.0;
				TARGETED_DEVICE_FAMILY = "1,2";
			};
			name = Debug;
		};
		670323EA26BDEF9D00B13A8B /* Release */ = {
			isa = XCBuildConfiguration;
			buildSettings = {
				ASSETCATALOG_COMPILER_APPICON_NAME = AppIcon;
				ASSETCATALOG_COMPILER_GLOBAL_ACCENT_COLOR_NAME = AccentColor;
				CODE_SIGN_STYLE = Automatic;
				DEVELOPMENT_TEAM = F7NGX2MLD5;
				INFOPLIST_FILE = linkedList/Info.plist;
				LD_RUNPATH_SEARCH_PATHS = (
					"$(inherited)",
					"@executable_path/Frameworks",
				);
				PRODUCT_BUNDLE_IDENTIFIER = travrmoo.linkedList;
				PRODUCT_NAME = "$(TARGET_NAME)";
				SWIFT_VERSION = 5.0;
				TARGETED_DEVICE_FAMILY = "1,2";
			};
			name = Release;
		};
		670323EC26BDEF9D00B13A8B /* Debug */ = {
			isa = XCBuildConfiguration;
			buildSettings = {
				ALWAYS_EMBED_SWIFT_STANDARD_LIBRARIES = YES;
				BUNDLE_LOADER = "$(TEST_HOST)";
				CODE_SIGN_STYLE = Automatic;
				DEVELOPMENT_TEAM = F7NGX2MLD5;
				INFOPLIST_FILE = linkedListTests/Info.plist;
				IPHONEOS_DEPLOYMENT_TARGET = 14.5;
				LD_RUNPATH_SEARCH_PATHS = (
					"$(inherited)",
					"@executable_path/Frameworks",
					"@loader_path/Frameworks",
				);
				PRODUCT_BUNDLE_IDENTIFIER = travrmoo.linkedListTests;
				PRODUCT_NAME = "$(TARGET_NAME)";
				SWIFT_VERSION = 5.0;
				TARGETED_DEVICE_FAMILY = "1,2";
				TEST_HOST = "$(BUILT_PRODUCTS_DIR)/linkedList.app/linkedList";
			};
			name = Debug;
		};
		670323ED26BDEF9D00B13A8B /* Release */ = {
			isa = XCBuildConfiguration;
			buildSettings = {
				ALWAYS_EMBED_SWIFT_STANDARD_LIBRARIES = YES;
				BUNDLE_LOADER = "$(TEST_HOST)";
				CODE_SIGN_STYLE = Automatic;
				DEVELOPMENT_TEAM = F7NGX2MLD5;
				INFOPLIST_FILE = linkedListTests/Info.plist;
				IPHONEOS_DEPLOYMENT_TARGET = 14.5;
				LD_RUNPATH_SEARCH_PATHS = (
					"$(inherited)",
					"@executable_path/Frameworks",
					"@loader_path/Frameworks",
				);
				PRODUCT_BUNDLE_IDENTIFIER = travrmoo.linkedListTests;
				PRODUCT_NAME = "$(TARGET_NAME)";
				SWIFT_VERSION = 5.0;
				TARGETED_DEVICE_FAMILY = "1,2";
				TEST_HOST = "$(BUILT_PRODUCTS_DIR)/linkedList.app/linkedList";
			};
			name = Release;
		};
		670323EF26BDEF9D00B13A8B /* Debug */ = {
			isa = XCBuildConfiguration;
			buildSettings = {
				ALWAYS_EMBED_SWIFT_STANDARD_LIBRARIES = YES;
				CODE_SIGN_STYLE = Automatic;
				DEVELOPMENT_TEAM = F7NGX2MLD5;
				INFOPLIST_FILE = linkedListUITests/Info.plist;
				LD_RUNPATH_SEARCH_PATHS = (
					"$(inherited)",
					"@executable_path/Frameworks",
					"@loader_path/Frameworks",
				);
				PRODUCT_BUNDLE_IDENTIFIER = travrmoo.linkedListUITests;
				PRODUCT_NAME = "$(TARGET_NAME)";
				SWIFT_VERSION = 5.0;
				TARGETED_DEVICE_FAMILY = "1,2";
				TEST_TARGET_NAME = linkedList;
			};
			name = Debug;
		};
		670323F026BDEF9D00B13A8B /* Release */ = {
			isa = XCBuildConfiguration;
			buildSettings = {
				ALWAYS_EMBED_SWIFT_STANDARD_LIBRARIES = YES;
				CODE_SIGN_STYLE = Automatic;
				DEVELOPMENT_TEAM = F7NGX2MLD5;
				INFOPLIST_FILE = linkedListUITests/Info.plist;
				LD_RUNPATH_SEARCH_PATHS = (
					"$(inherited)",
					"@executable_path/Frameworks",
					"@loader_path/Frameworks",
				);
				PRODUCT_BUNDLE_IDENTIFIER = travrmoo.linkedListUITests;
				PRODUCT_NAME = "$(TARGET_NAME)";
				SWIFT_VERSION = 5.0;
				TARGETED_DEVICE_FAMILY = "1,2";
				TEST_TARGET_NAME = linkedList;
			};
			name = Release;
		};
/* End XCBuildConfiguration section */

/* Begin XCConfigurationList section */
		670323B926BDEF9C00B13A8B /* Build configuration list for PBXProject "linkedList" */ = {
			isa = XCConfigurationList;
			buildConfigurations = (
				670323E626BDEF9D00B13A8B /* Debug */,
				670323E726BDEF9D00B13A8B /* Release */,
			);
			defaultConfigurationIsVisible = 0;
			defaultConfigurationName = Release;
		};
		670323E826BDEF9D00B13A8B /* Build configuration list for PBXNativeTarget "linkedList" */ = {
			isa = XCConfigurationList;
			buildConfigurations = (
				670323E926BDEF9D00B13A8B /* Debug */,
				670323EA26BDEF9D00B13A8B /* Release */,
			);
			defaultConfigurationIsVisible = 0;
			defaultConfigurationName = Release;
		};
		670323EB26BDEF9D00B13A8B /* Build configuration list for PBXNativeTarget "linkedListTests" */ = {
			isa = XCConfigurationList;
			buildConfigurations = (
				670323EC26BDEF9D00B13A8B /* Debug */,
				670323ED26BDEF9D00B13A8B /* Release */,
			);
			defaultConfigurationIsVisible = 0;
			defaultConfigurationName = Release;
		};
		670323EE26BDEF9D00B13A8B /* Build configuration list for PBXNativeTarget "linkedListUITests" */ = {
			isa = XCConfigurationList;
			buildConfigurations = (
				670323EF26BDEF9D00B13A8B /* Debug */,
				670323F026BDEF9D00B13A8B /* Release */,
			);
			defaultConfigurationIsVisible = 0;
			defaultConfigurationName = Release;
		};
/* End XCConfigurationList section */
	};
	rootObject = 670323B626BDEF9C00B13A8B /* Project object */;
}
